// !$*UTF8*$!
{
	archiveVersion = 1;
	classes = {
	};
	objectVersion = 56;
	objects = {

/* Begin PBXBuildFile section */
		AE1EA8192AA07F0000A32243 /* jump.mp3 in Resources */ = {isa = PBXBuildFile; fileRef = AE1EA8102AA07F0000A32243 /* jump.mp3 */; };
		AE1EA81A2AA07F0000A32243 /* winning.mp3 in Resources */ = {isa = PBXBuildFile; fileRef = AE1EA8112AA07F0000A32243 /* winning.mp3 */; };
		AE1EA81B2AA07F0000A32243 /* aha.mp3 in Resources */ = {isa = PBXBuildFile; fileRef = AE1EA8122AA07F0000A32243 /* aha.mp3 */; };
		AE1EA81C2AA07F0000A32243 /* twink.mp3 in Resources */ = {isa = PBXBuildFile; fileRef = AE1EA8132AA07F0000A32243 /* twink.mp3 */; };
		AE1EA81D2AA07F0000A32243 /* explotion.mp3 in Resources */ = {isa = PBXBuildFile; fileRef = AE1EA8142AA07F0000A32243 /* explotion.mp3 */; };
		AE1EA81E2AA07F0000A32243 /* teleport.mp3 in Resources */ = {isa = PBXBuildFile; fileRef = AE1EA8152AA07F0000A32243 /* teleport.mp3 */; };
		AE1EA81F2AA07F0000A32243 /* fairytail.mp3 in Resources */ = {isa = PBXBuildFile; fileRef = AE1EA8162AA07F0000A32243 /* fairytail.mp3 */; };
		AE1EA8202AA07F0000A32243 /* bonus.mp3 in Resources */ = {isa = PBXBuildFile; fileRef = AE1EA8172AA07F0000A32243 /* bonus.mp3 */; };
		AE1EA8212AA07F0000A32243 /* negative.mp3 in Resources */ = {isa = PBXBuildFile; fileRef = AE1EA8182AA07F0000A32243 /* negative.mp3 */; };
		AE1EA8232AA0842600A32243 /* diceroll.mp3 in Resources */ = {isa = PBXBuildFile; fileRef = AE1EA8222AA0842600A32243 /* diceroll.mp3 */; };
		AE1EA82C2AA08EF700A32243 /* Localizable.strings in Resources */ = {isa = PBXBuildFile; fileRef = AE1EA82E2AA08EF700A32243 /* Localizable.strings */; };
		AE46DC662A9C5ABB003E2AB1 /* drum-music.mp3 in Resources */ = {isa = PBXBuildFile; fileRef = AE46DC652A9C5ABB003E2AB1 /* drum-music.mp3 */; };
		AE64A17F2A9B020F008636DD /* GameItems.swift in Sources */ = {isa = PBXBuildFile; fileRef = AE64A17E2A9B020F008636DD /* GameItems.swift */; };
		AE64A1812A9B3C36008636DD /* LeaderBoardView.swift in Sources */ = {isa = PBXBuildFile; fileRef = AE64A1802A9B3C36008636DD /* LeaderBoardView.swift */; };
		AE64A1832A9B3C6A008636DD /* HowToPlayView.swift in Sources */ = {isa = PBXBuildFile; fileRef = AE64A1822A9B3C6A008636DD /* HowToPlayView.swift */; };
		AE64A1852A9B3C7C008636DD /* SettingView.swift in Sources */ = {isa = PBXBuildFile; fileRef = AE64A1842A9B3C7C008636DD /* SettingView.swift */; };
		AE64A1872A9B3EDB008636DD /* Chicle-Regular.ttf in Resources */ = {isa = PBXBuildFile; fileRef = AE64A1862A9B3EDA008636DD /* Chicle-Regular.ttf */; };
		AE8CB2FC2A9A01EF00E5B303 /* GameService.swift in Sources */ = {isa = PBXBuildFile; fileRef = AE8CB2FB2A9A01EF00E5B303 /* GameService.swift */; };
		AE8CB2FE2A9A020A00E5B303 /* GameModels.swift in Sources */ = {isa = PBXBuildFile; fileRef = AE8CB2FD2A9A020A00E5B303 /* GameModels.swift */; };
		AE8CB3012A9A023600E5B303 /* ViewModifiers.swift in Sources */ = {isa = PBXBuildFile; fileRef = AE8CB3002A9A023600E5B303 /* ViewModifiers.swift */; };
		AE8CB3042A9A024E00E5B303 /* SquareView.swift in Sources */ = {isa = PBXBuildFile; fileRef = AE8CB3022A9A024E00E5B303 /* SquareView.swift */; };
		AE8CB3052A9A024E00E5B303 /* GameSquare.swift in Sources */ = {isa = PBXBuildFile; fileRef = AE8CB3032A9A024E00E5B303 /* GameSquare.swift */; };
		AE8CB3072A9A09C700E5B303 /* GameTypeView.swift in Sources */ = {isa = PBXBuildFile; fileRef = AE8CB3062A9A09C700E5B303 /* GameTypeView.swift */; };
		AE9FAE522A9873C100B0CCA2 /* Treasure_RaceApp.swift in Sources */ = {isa = PBXBuildFile; fileRef = AE9FAE512A9873C100B0CCA2 /* Treasure_RaceApp.swift */; };
		AE9FAE542A9873C100B0CCA2 /* ContentView.swift in Sources */ = {isa = PBXBuildFile; fileRef = AE9FAE532A9873C100B0CCA2 /* ContentView.swift */; };
		AE9FAE562A9873C300B0CCA2 /* Assets.xcassets in Resources */ = {isa = PBXBuildFile; fileRef = AE9FAE552A9873C300B0CCA2 /* Assets.xcassets */; };
		AE9FAE592A9873C300B0CCA2 /* Preview Assets.xcassets in Resources */ = {isa = PBXBuildFile; fileRef = AE9FAE582A9873C300B0CCA2 /* Preview Assets.xcassets */; };
		AE9FAE602A98768000B0CCA2 /* MenuView.swift in Sources */ = {isa = PBXBuildFile; fileRef = AE9FAE5F2A98768000B0CCA2 /* MenuView.swift */; };
		AE9FAE652A9876D800B0CCA2 /* PlaySound.swift in Sources */ = {isa = PBXBuildFile; fileRef = AE9FAE642A9876D800B0CCA2 /* PlaySound.swift */; };
		AE9FAE672A98777600B0CCA2 /* GameView.swift in Sources */ = {isa = PBXBuildFile; fileRef = AE9FAE662A98777600B0CCA2 /* GameView.swift */; };
		AE9FAE692A987D4000B0CCA2 /* LogoView.swift in Sources */ = {isa = PBXBuildFile; fileRef = AE9FAE682A987D4000B0CCA2 /* LogoView.swift */; };
		AE9FAE6B2A987E4E00B0CCA2 /* Modifiers.swift in Sources */ = {isa = PBXBuildFile; fileRef = AE9FAE6A2A987E4E00B0CCA2 /* Modifiers.swift */; };
		AE9FAE6E2A98804100B0CCA2 /* LilitaOne-Regular.ttf in Resources */ = {isa = PBXBuildFile; fileRef = AE9FAE6D2A98804100B0CCA2 /* LilitaOne-Regular.ttf */; };
		AE9FAE712A9886B300B0CCA2 /* OFL.txt in Resources */ = {isa = PBXBuildFile; fileRef = AE9FAE702A9886B200B0CCA2 /* OFL.txt */; };
		AEF0C0702AA0C2E6002574CE /* ListRowView.swift in Sources */ = {isa = PBXBuildFile; fileRef = AEF0C06F2AA0C2E6002574CE /* ListRowView.swift */; };
/* End PBXBuildFile section */

/* Begin PBXFileReference section */
		AE1EA8102AA07F0000A32243 /* jump.mp3 */ = {isa = PBXFileReference; lastKnownFileType = audio.mp3; name = jump.mp3; path = ../../../../../Downloads/jump.mp3; sourceTree = "<group>"; };
		AE1EA8112AA07F0000A32243 /* winning.mp3 */ = {isa = PBXFileReference; lastKnownFileType = audio.mp3; name = winning.mp3; path = ../../../../../Downloads/winning.mp3; sourceTree = "<group>"; };
		AE1EA8122AA07F0000A32243 /* aha.mp3 */ = {isa = PBXFileReference; lastKnownFileType = audio.mp3; name = aha.mp3; path = ../../../../../Downloads/aha.mp3; sourceTree = "<group>"; };
		AE1EA8132AA07F0000A32243 /* twink.mp3 */ = {isa = PBXFileReference; lastKnownFileType = audio.mp3; name = twink.mp3; path = ../../../../../Downloads/twink.mp3; sourceTree = "<group>"; };
		AE1EA8142AA07F0000A32243 /* explotion.mp3 */ = {isa = PBXFileReference; lastKnownFileType = audio.mp3; name = explotion.mp3; path = ../../../../../Downloads/explotion.mp3; sourceTree = "<group>"; };
		AE1EA8152AA07F0000A32243 /* teleport.mp3 */ = {isa = PBXFileReference; lastKnownFileType = audio.mp3; name = teleport.mp3; path = ../../../../../Downloads/teleport.mp3; sourceTree = "<group>"; };
		AE1EA8162AA07F0000A32243 /* fairytail.mp3 */ = {isa = PBXFileReference; lastKnownFileType = audio.mp3; name = fairytail.mp3; path = ../../../../../Downloads/fairytail.mp3; sourceTree = "<group>"; };
		AE1EA8172AA07F0000A32243 /* bonus.mp3 */ = {isa = PBXFileReference; lastKnownFileType = audio.mp3; name = bonus.mp3; path = ../../../../../Downloads/bonus.mp3; sourceTree = "<group>"; };
		AE1EA8182AA07F0000A32243 /* negative.mp3 */ = {isa = PBXFileReference; lastKnownFileType = audio.mp3; name = negative.mp3; path = ../../../../../Downloads/negative.mp3; sourceTree = "<group>"; };
		AE1EA8222AA0842600A32243 /* diceroll.mp3 */ = {isa = PBXFileReference; lastKnownFileType = audio.mp3; path = diceroll.mp3; sourceTree = "<group>"; };
		AE1EA82D2AA08EF700A32243 /* en */ = {isa = PBXFileReference; lastKnownFileType = text.plist.strings; name = en; path = en.lproj/Localizable.strings; sourceTree = "<group>"; };
		AE1EA82F2AA08F0300A32243 /* vi */ = {isa = PBXFileReference; lastKnownFileType = text.plist.strings; name = vi; path = vi.lproj/Localizable.strings; sourceTree = "<group>"; };
		AE46DC652A9C5ABB003E2AB1 /* drum-music.mp3 */ = {isa = PBXFileReference; lastKnownFileType = audio.mp3; path = "drum-music.mp3"; sourceTree = "<group>"; };
		AE64A17E2A9B020F008636DD /* GameItems.swift */ = {isa = PBXFileReference; lastKnownFileType = sourcecode.swift; path = GameItems.swift; sourceTree = "<group>"; };
		AE64A1802A9B3C36008636DD /* LeaderBoardView.swift */ = {isa = PBXFileReference; lastKnownFileType = sourcecode.swift; path = LeaderBoardView.swift; sourceTree = "<group>"; };
		AE64A1822A9B3C6A008636DD /* HowToPlayView.swift */ = {isa = PBXFileReference; lastKnownFileType = sourcecode.swift; path = HowToPlayView.swift; sourceTree = "<group>"; };
		AE64A1842A9B3C7C008636DD /* SettingView.swift */ = {isa = PBXFileReference; lastKnownFileType = sourcecode.swift; path = SettingView.swift; sourceTree = "<group>"; };
		AE64A1862A9B3EDA008636DD /* Chicle-Regular.ttf */ = {isa = PBXFileReference; lastKnownFileType = file; path = "Chicle-Regular.ttf"; sourceTree = "<group>"; };
		AE8CB2FB2A9A01EF00E5B303 /* GameService.swift */ = {isa = PBXFileReference; fileEncoding = 4; lastKnownFileType = sourcecode.swift; path = GameService.swift; sourceTree = "<group>"; };
		AE8CB2FD2A9A020A00E5B303 /* GameModels.swift */ = {isa = PBXFileReference; fileEncoding = 4; lastKnownFileType = sourcecode.swift; path = GameModels.swift; sourceTree = "<group>"; };
		AE8CB3002A9A023600E5B303 /* ViewModifiers.swift */ = {isa = PBXFileReference; fileEncoding = 4; lastKnownFileType = sourcecode.swift; path = ViewModifiers.swift; sourceTree = "<group>"; };
		AE8CB3022A9A024E00E5B303 /* SquareView.swift */ = {isa = PBXFileReference; fileEncoding = 4; lastKnownFileType = sourcecode.swift; path = SquareView.swift; sourceTree = "<group>"; };
		AE8CB3032A9A024E00E5B303 /* GameSquare.swift */ = {isa = PBXFileReference; fileEncoding = 4; lastKnownFileType = sourcecode.swift; path = GameSquare.swift; sourceTree = "<group>"; };
		AE8CB3062A9A09C700E5B303 /* GameTypeView.swift */ = {isa = PBXFileReference; lastKnownFileType = sourcecode.swift; path = GameTypeView.swift; sourceTree = "<group>"; };
		AE9FAE4E2A9873C100B0CCA2 /* Treasure Race.app */ = {isa = PBXFileReference; explicitFileType = wrapper.application; includeInIndex = 0; path = "Treasure Race.app"; sourceTree = BUILT_PRODUCTS_DIR; };
		AE9FAE512A9873C100B0CCA2 /* Treasure_RaceApp.swift */ = {isa = PBXFileReference; lastKnownFileType = sourcecode.swift; path = Treasure_RaceApp.swift; sourceTree = "<group>"; };
		AE9FAE532A9873C100B0CCA2 /* ContentView.swift */ = {isa = PBXFileReference; lastKnownFileType = sourcecode.swift; path = ContentView.swift; sourceTree = "<group>"; };
		AE9FAE552A9873C300B0CCA2 /* Assets.xcassets */ = {isa = PBXFileReference; lastKnownFileType = folder.assetcatalog; path = Assets.xcassets; sourceTree = "<group>"; };
		AE9FAE582A9873C300B0CCA2 /* Preview Assets.xcassets */ = {isa = PBXFileReference; lastKnownFileType = folder.assetcatalog; path = "Preview Assets.xcassets"; sourceTree = "<group>"; };
		AE9FAE5F2A98768000B0CCA2 /* MenuView.swift */ = {isa = PBXFileReference; lastKnownFileType = sourcecode.swift; path = MenuView.swift; sourceTree = "<group>"; };
		AE9FAE642A9876D800B0CCA2 /* PlaySound.swift */ = {isa = PBXFileReference; lastKnownFileType = sourcecode.swift; path = PlaySound.swift; sourceTree = "<group>"; };
		AE9FAE662A98777600B0CCA2 /* GameView.swift */ = {isa = PBXFileReference; lastKnownFileType = sourcecode.swift; path = GameView.swift; sourceTree = "<group>"; };
		AE9FAE682A987D4000B0CCA2 /* LogoView.swift */ = {isa = PBXFileReference; lastKnownFileType = sourcecode.swift; path = LogoView.swift; sourceTree = "<group>"; };
		AE9FAE6A2A987E4E00B0CCA2 /* Modifiers.swift */ = {isa = PBXFileReference; lastKnownFileType = sourcecode.swift; path = Modifiers.swift; sourceTree = "<group>"; };
		AE9FAE6D2A98804100B0CCA2 /* LilitaOne-Regular.ttf */ = {isa = PBXFileReference; lastKnownFileType = file; path = "LilitaOne-Regular.ttf"; sourceTree = "<group>"; };
		AE9FAE702A9886B200B0CCA2 /* OFL.txt */ = {isa = PBXFileReference; fileEncoding = 4; lastKnownFileType = text; path = OFL.txt; sourceTree = "<group>"; };
		AEF0C06F2AA0C2E6002574CE /* ListRowView.swift */ = {isa = PBXFileReference; lastKnownFileType = sourcecode.swift; path = ListRowView.swift; sourceTree = "<group>"; };
/* End PBXFileReference section */

/* Begin PBXFrameworksBuildPhase section */
		AE9FAE4B2A9873C100B0CCA2 /* Frameworks */ = {
			isa = PBXFrameworksBuildPhase;
			buildActionMask = 2147483647;
			files = (
			);
			runOnlyForDeploymentPostprocessing = 0;
		};
/* End PBXFrameworksBuildPhase section */

/* Begin PBXGroup section */
		AE46DC642A9C5A7E003E2AB1 /* Sounds */ = {
			isa = PBXGroup;
			children = (
				AE1EA8122AA07F0000A32243 /* aha.mp3 */,
				AE1EA8172AA07F0000A32243 /* bonus.mp3 */,
				AE1EA8142AA07F0000A32243 /* explotion.mp3 */,
				AE1EA8162AA07F0000A32243 /* fairytail.mp3 */,
				AE1EA8102AA07F0000A32243 /* jump.mp3 */,
				AE1EA8182AA07F0000A32243 /* negative.mp3 */,
				AE1EA8222AA0842600A32243 /* diceroll.mp3 */,
				AE1EA8152AA07F0000A32243 /* teleport.mp3 */,
				AE1EA8132AA07F0000A32243 /* twink.mp3 */,
				AE1EA8112AA07F0000A32243 /* winning.mp3 */,
				AE46DC652A9C5ABB003E2AB1 /* drum-music.mp3 */,
			);
			path = Sounds;
			sourceTree = "<group>";
		};
		AE8CB2FA2A9A01D100E5B303 /* Models */ = {
			isa = PBXGroup;
			children = (
				AE8CB2FB2A9A01EF00E5B303 /* GameService.swift */,
				AE8CB2FD2A9A020A00E5B303 /* GameModels.swift */,
				AE8CB3032A9A024E00E5B303 /* GameSquare.swift */,
				AE64A17E2A9B020F008636DD /* GameItems.swift */,
			);
			path = Models;
			sourceTree = "<group>";
		};
		AE8CB2FF2A9A023600E5B303 /* Utilities */ = {
			isa = PBXGroup;
			children = (
				AE8CB3002A9A023600E5B303 /* ViewModifiers.swift */,
			);
			path = Utilities;
			sourceTree = "<group>";
		};
		AE9FAE452A9873C100B0CCA2 = {
			isa = PBXGroup;
			children = (
				AE9FAE502A9873C100B0CCA2 /* Treasure Race */,
				AE9FAE4F2A9873C100B0CCA2 /* Products */,
			);
			sourceTree = "<group>";
		};
		AE9FAE4F2A9873C100B0CCA2 /* Products */ = {
			isa = PBXGroup;
			children = (
				AE9FAE4E2A9873C100B0CCA2 /* Treasure Race.app */,
			);
			name = Products;
			sourceTree = "<group>";
		};
		AE9FAE502A9873C100B0CCA2 /* Treasure Race */ = {
			isa = PBXGroup;
			children = (
				AE9FAE512A9873C100B0CCA2 /* Treasure_RaceApp.swift */,
				AE8CB2FF2A9A023600E5B303 /* Utilities */,
				AE8CB2FA2A9A01D100E5B303 /* Models */,
				AE9FAE6C2A98802500B0CCA2 /* Fonts */,
				AE46DC642A9C5A7E003E2AB1 /* Sounds */,
				AE9FAE622A98769A00B0CCA2 /* Helpers */,
				AE9FAE612A98768900B0CCA2 /* Views */,
				AE9FAE552A9873C300B0CCA2 /* Assets.xcassets */,
				AE9FAE572A9873C300B0CCA2 /* Preview Content */,
			);
			path = "Treasure Race";
			sourceTree = "<group>";
		};
		AE9FAE572A9873C300B0CCA2 /* Preview Content */ = {
			isa = PBXGroup;
			children = (
				AE9FAE582A9873C300B0CCA2 /* Preview Assets.xcassets */,
			);
			path = "Preview Content";
			sourceTree = "<group>";
		};
		AE9FAE612A98768900B0CCA2 /* Views */ = {
			isa = PBXGroup;
			children = (
				AE1EA82E2AA08EF700A32243 /* Localizable.strings */,
				AE9FAE532A9873C100B0CCA2 /* ContentView.swift */,
				AE9FAE5F2A98768000B0CCA2 /* MenuView.swift */,
				AE8CB3062A9A09C700E5B303 /* GameTypeView.swift */,
				AE9FAE662A98777600B0CCA2 /* GameView.swift */,
				AE64A1802A9B3C36008636DD /* LeaderBoardView.swift */,
				AE64A1822A9B3C6A008636DD /* HowToPlayView.swift */,
				AE64A1842A9B3C7C008636DD /* SettingView.swift */,
				AE8CB3022A9A024E00E5B303 /* SquareView.swift */,
				AE9FAE682A987D4000B0CCA2 /* LogoView.swift */,
				AEF0C06F2AA0C2E6002574CE /* ListRowView.swift */,
			);
			path = Views;
			sourceTree = "<group>";
		};
		AE9FAE622A98769A00B0CCA2 /* Helpers */ = {
			isa = PBXGroup;
			children = (
				AE9FAE642A9876D800B0CCA2 /* PlaySound.swift */,
				AE9FAE6A2A987E4E00B0CCA2 /* Modifiers.swift */,
			);
			path = Helpers;
			sourceTree = "<group>";
		};
		AE9FAE6C2A98802500B0CCA2 /* Fonts */ = {
			isa = PBXGroup;
			children = (
				AE9FAE702A9886B200B0CCA2 /* OFL.txt */,
				AE64A1862A9B3EDA008636DD /* Chicle-Regular.ttf */,
				AE9FAE6D2A98804100B0CCA2 /* LilitaOne-Regular.ttf */,
			);
			path = Fonts;
			sourceTree = "<group>";
		};
/* End PBXGroup section */

/* Begin PBXNativeTarget section */
		AE9FAE4D2A9873C100B0CCA2 /* Treasure Race */ = {
			isa = PBXNativeTarget;
			buildConfigurationList = AE9FAE5C2A9873C300B0CCA2 /* Build configuration list for PBXNativeTarget "Treasure Race" */;
			buildPhases = (
				AE9FAE4A2A9873C100B0CCA2 /* Sources */,
				AE9FAE4B2A9873C100B0CCA2 /* Frameworks */,
				AE9FAE4C2A9873C100B0CCA2 /* Resources */,
			);
			buildRules = (
			);
			dependencies = (
			);
			name = "Treasure Race";
			productName = "Treasure Race";
			productReference = AE9FAE4E2A9873C100B0CCA2 /* Treasure Race.app */;
			productType = "com.apple.product-type.application";
		};
/* End PBXNativeTarget section */

/* Begin PBXProject section */
		AE9FAE462A9873C100B0CCA2 /* Project object */ = {
			isa = PBXProject;
			attributes = {
				BuildIndependentTargetsInParallel = 1;
				LastSwiftUpdateCheck = 1430;
				LastUpgradeCheck = 1430;
				TargetAttributes = {
					AE9FAE4D2A9873C100B0CCA2 = {
						CreatedOnToolsVersion = 14.3.1;
					};
				};
			};
			buildConfigurationList = AE9FAE492A9873C100B0CCA2 /* Build configuration list for PBXProject "Treasure Race" */;
			compatibilityVersion = "Xcode 14.0";
			developmentRegion = en;
			hasScannedForEncodings = 0;
			knownRegions = (
				en,
				Base,
				vi,
			);
			mainGroup = AE9FAE452A9873C100B0CCA2;
			productRefGroup = AE9FAE4F2A9873C100B0CCA2 /* Products */;
			projectDirPath = "";
			projectRoot = "";
			targets = (
				AE9FAE4D2A9873C100B0CCA2 /* Treasure Race */,
			);
		};
/* End PBXProject section */

/* Begin PBXResourcesBuildPhase section */
		AE9FAE4C2A9873C100B0CCA2 /* Resources */ = {
			isa = PBXResourcesBuildPhase;
			buildActionMask = 2147483647;
			files = (
				AE9FAE592A9873C300B0CCA2 /* Preview Assets.xcassets in Resources */,
				AE1EA81F2AA07F0000A32243 /* fairytail.mp3 in Resources */,
				AE9FAE6E2A98804100B0CCA2 /* LilitaOne-Regular.ttf in Resources */,
				AE1EA81C2AA07F0000A32243 /* twink.mp3 in Resources */,
				AE1EA81D2AA07F0000A32243 /* explotion.mp3 in Resources */,
				AE46DC662A9C5ABB003E2AB1 /* drum-music.mp3 in Resources */,
				AE1EA8212AA07F0000A32243 /* negative.mp3 in Resources */,
				AE1EA8202AA07F0000A32243 /* bonus.mp3 in Resources */,
				AE1EA8232AA0842600A32243 /* diceroll.mp3 in Resources */,
				AE1EA81E2AA07F0000A32243 /* teleport.mp3 in Resources */,
				AE1EA81A2AA07F0000A32243 /* winning.mp3 in Resources */,
				AE9FAE712A9886B300B0CCA2 /* OFL.txt in Resources */,
				AE1EA82C2AA08EF700A32243 /* Localizable.strings in Resources */,
				AE1EA8192AA07F0000A32243 /* jump.mp3 in Resources */,
				AE1EA81B2AA07F0000A32243 /* aha.mp3 in Resources */,
				AE9FAE562A9873C300B0CCA2 /* Assets.xcassets in Resources */,
				AE64A1872A9B3EDB008636DD /* Chicle-Regular.ttf in Resources */,
			);
			runOnlyForDeploymentPostprocessing = 0;
		};
/* End PBXResourcesBuildPhase section */

/* Begin PBXSourcesBuildPhase section */
		AE9FAE4A2A9873C100B0CCA2 /* Sources */ = {
			isa = PBXSourcesBuildPhase;
			buildActionMask = 2147483647;
			files = (
				AE64A1832A9B3C6A008636DD /* HowToPlayView.swift in Sources */,
				AE64A1812A9B3C36008636DD /* LeaderBoardView.swift in Sources */,
				AE9FAE542A9873C100B0CCA2 /* ContentView.swift in Sources */,
				AE9FAE692A987D4000B0CCA2 /* LogoView.swift in Sources */,
				AE8CB3042A9A024E00E5B303 /* SquareView.swift in Sources */,
				AE8CB3052A9A024E00E5B303 /* GameSquare.swift in Sources */,
				AE64A17F2A9B020F008636DD /* GameItems.swift in Sources */,
				AE8CB2FC2A9A01EF00E5B303 /* GameService.swift in Sources */,
				AE9FAE6B2A987E4E00B0CCA2 /* Modifiers.swift in Sources */,
				AE64A1852A9B3C7C008636DD /* SettingView.swift in Sources */,
				AE9FAE652A9876D800B0CCA2 /* PlaySound.swift in Sources */,
				AE9FAE602A98768000B0CCA2 /* MenuView.swift in Sources */,
				AE8CB2FE2A9A020A00E5B303 /* GameModels.swift in Sources */,
				AE9FAE522A9873C100B0CCA2 /* Treasure_RaceApp.swift in Sources */,
				AE8CB3012A9A023600E5B303 /* ViewModifiers.swift in Sources */,
				AE8CB3072A9A09C700E5B303 /* GameTypeView.swift in Sources */,
				AE9FAE672A98777600B0CCA2 /* GameView.swift in Sources */,
				AEF0C0702AA0C2E6002574CE /* ListRowView.swift in Sources */,
			);
			runOnlyForDeploymentPostprocessing = 0;
		};
/* End PBXSourcesBuildPhase section */

/* Begin PBXVariantGroup section */
		AE1EA82E2AA08EF700A32243 /* Localizable.strings */ = {
			isa = PBXVariantGroup;
			children = (
				AE1EA82D2AA08EF700A32243 /* en */,
				AE1EA82F2AA08F0300A32243 /* vi */,
			);
			name = Localizable.strings;
			sourceTree = "<group>";
		};
/* End PBXVariantGroup section */

/* Begin XCBuildConfiguration section */
		AE9FAE5A2A9873C300B0CCA2 /* Debug */ = {
			isa = XCBuildConfiguration;
			buildSettings = {
				ALWAYS_SEARCH_USER_PATHS = NO;
				CLANG_ANALYZER_LOCALIZABILITY_NONLOCALIZED = YES;
				CLANG_ANALYZER_NONNULL = YES;
				CLANG_ANALYZER_NUMBER_OBJECT_CONVERSION = YES_AGGRESSIVE;
				CLANG_CXX_LANGUAGE_STANDARD = "gnu++20";
				CLANG_ENABLE_MODULES = YES;
				CLANG_ENABLE_OBJC_ARC = YES;
				CLANG_ENABLE_OBJC_WEAK = YES;
				CLANG_WARN_BLOCK_CAPTURE_AUTORELEASING = YES;
				CLANG_WARN_BOOL_CONVERSION = YES;
				CLANG_WARN_COMMA = YES;
				CLANG_WARN_CONSTANT_CONVERSION = YES;
				CLANG_WARN_DEPRECATED_OBJC_IMPLEMENTATIONS = YES;
				CLANG_WARN_DIRECT_OBJC_ISA_USAGE = YES_ERROR;
				CLANG_WARN_DOCUMENTATION_COMMENTS = YES;
				CLANG_WARN_EMPTY_BODY = YES;
				CLANG_WARN_ENUM_CONVERSION = YES;
				CLANG_WARN_INFINITE_RECURSION = YES;
				CLANG_WARN_INT_CONVERSION = YES;
				CLANG_WARN_NON_LITERAL_NULL_CONVERSION = YES;
				CLANG_WARN_OBJC_IMPLICIT_RETAIN_SELF = YES;
				CLANG_WARN_OBJC_LITERAL_CONVERSION = YES;
				CLANG_WARN_OBJC_ROOT_CLASS = YES_ERROR;
				CLANG_WARN_QUOTED_INCLUDE_IN_FRAMEWORK_HEADER = YES;
				CLANG_WARN_RANGE_LOOP_ANALYSIS = YES;
				CLANG_WARN_STRICT_PROTOTYPES = YES;
				CLANG_WARN_SUSPICIOUS_MOVE = YES;
				CLANG_WARN_UNGUARDED_AVAILABILITY = YES_AGGRESSIVE;
				CLANG_WARN_UNREACHABLE_CODE = YES;
				CLANG_WARN__DUPLICATE_METHOD_MATCH = YES;
				COPY_PHASE_STRIP = NO;
				DEBUG_INFORMATION_FORMAT = dwarf;
				ENABLE_STRICT_OBJC_MSGSEND = YES;
				ENABLE_TESTABILITY = YES;
				GCC_C_LANGUAGE_STANDARD = gnu11;
				GCC_DYNAMIC_NO_PIC = NO;
				GCC_NO_COMMON_BLOCKS = YES;
				GCC_OPTIMIZATION_LEVEL = 0;
				GCC_PREPROCESSOR_DEFINITIONS = (
					"DEBUG=1",
					"$(inherited)",
				);
				GCC_WARN_64_TO_32_BIT_CONVERSION = YES;
				GCC_WARN_ABOUT_RETURN_TYPE = YES_ERROR;
				GCC_WARN_UNDECLARED_SELECTOR = YES;
				GCC_WARN_UNINITIALIZED_AUTOS = YES_AGGRESSIVE;
				GCC_WARN_UNUSED_FUNCTION = YES;
				GCC_WARN_UNUSED_VARIABLE = YES;
				IPHONEOS_DEPLOYMENT_TARGET = 16.4;
				MTL_ENABLE_DEBUG_INFO = INCLUDE_SOURCE;
				MTL_FAST_MATH = YES;
				ONLY_ACTIVE_ARCH = YES;
				SDKROOT = iphoneos;
				SWIFT_ACTIVE_COMPILATION_CONDITIONS = DEBUG;
				SWIFT_OPTIMIZATION_LEVEL = "-Onone";
			};
			name = Debug;
		};
		AE9FAE5B2A9873C300B0CCA2 /* Release */ = {
			isa = XCBuildConfiguration;
			buildSettings = {
				ALWAYS_SEARCH_USER_PATHS = NO;
				CLANG_ANALYZER_LOCALIZABILITY_NONLOCALIZED = YES;
				CLANG_ANALYZER_NONNULL = YES;
				CLANG_ANALYZER_NUMBER_OBJECT_CONVERSION = YES_AGGRESSIVE;
				CLANG_CXX_LANGUAGE_STANDARD = "gnu++20";
				CLANG_ENABLE_MODULES = YES;
				CLANG_ENABLE_OBJC_ARC = YES;
				CLANG_ENABLE_OBJC_WEAK = YES;
				CLANG_WARN_BLOCK_CAPTURE_AUTORELEASING = YES;
				CLANG_WARN_BOOL_CONVERSION = YES;
				CLANG_WARN_COMMA = YES;
				CLANG_WARN_CONSTANT_CONVERSION = YES;
				CLANG_WARN_DEPRECATED_OBJC_IMPLEMENTATIONS = YES;
				CLANG_WARN_DIRECT_OBJC_ISA_USAGE = YES_ERROR;
				CLANG_WARN_DOCUMENTATION_COMMENTS = YES;
				CLANG_WARN_EMPTY_BODY = YES;
				CLANG_WARN_ENUM_CONVERSION = YES;
				CLANG_WARN_INFINITE_RECURSION = YES;
				CLANG_WARN_INT_CONVERSION = YES;
				CLANG_WARN_NON_LITERAL_NULL_CONVERSION = YES;
				CLANG_WARN_OBJC_IMPLICIT_RETAIN_SELF = YES;
				CLANG_WARN_OBJC_LITERAL_CONVERSION = YES;
				CLANG_WARN_OBJC_ROOT_CLASS = YES_ERROR;
				CLANG_WARN_QUOTED_INCLUDE_IN_FRAMEWORK_HEADER = YES;
				CLANG_WARN_RANGE_LOOP_ANALYSIS = YES;
				CLANG_WARN_STRICT_PROTOTYPES = YES;
				CLANG_WARN_SUSPICIOUS_MOVE = YES;
				CLANG_WARN_UNGUARDED_AVAILABILITY = YES_AGGRESSIVE;
				CLANG_WARN_UNREACHABLE_CODE = YES;
				CLANG_WARN__DUPLICATE_METHOD_MATCH = YES;
				COPY_PHASE_STRIP = NO;
				DEBUG_INFORMATION_FORMAT = "dwarf-with-dsym";
				ENABLE_NS_ASSERTIONS = NO;
				ENABLE_STRICT_OBJC_MSGSEND = YES;
				GCC_C_LANGUAGE_STANDARD = gnu11;
				GCC_NO_COMMON_BLOCKS = YES;
				GCC_WARN_64_TO_32_BIT_CONVERSION = YES;
				GCC_WARN_ABOUT_RETURN_TYPE = YES_ERROR;
				GCC_WARN_UNDECLARED_SELECTOR = YES;
				GCC_WARN_UNINITIALIZED_AUTOS = YES_AGGRESSIVE;
				GCC_WARN_UNUSED_FUNCTION = YES;
				GCC_WARN_UNUSED_VARIABLE = YES;
				IPHONEOS_DEPLOYMENT_TARGET = 16.4;
				MTL_ENABLE_DEBUG_INFO = NO;
				MTL_FAST_MATH = YES;
				SDKROOT = iphoneos;
				SWIFT_COMPILATION_MODE = wholemodule;
				SWIFT_OPTIMIZATION_LEVEL = "-O";
				VALIDATE_PRODUCT = YES;
			};
			name = Release;
		};
		AE9FAE5D2A9873C300B0CCA2 /* Debug */ = {
			isa = XCBuildConfiguration;
			buildSettings = {
				ASSETCATALOG_COMPILER_APPICON_NAME = AppIcon;
				ASSETCATALOG_COMPILER_GLOBAL_ACCENT_COLOR_NAME = AccentColor;
				CODE_SIGN_STYLE = Automatic;
				CURRENT_PROJECT_VERSION = 1;
				DEVELOPMENT_ASSET_PATHS = "\"Treasure Race/Preview Content\"";
				ENABLE_PREVIEWS = YES;
				GENERATE_INFOPLIST_FILE = YES;
				INFOPLIST_FILE = "Treasure-Race-Info.plist";
				INFOPLIST_KEY_UIApplicationSceneManifest_Generation = YES;
				INFOPLIST_KEY_UIApplicationSupportsIndirectInputEvents = YES;
				INFOPLIST_KEY_UILaunchScreen_Generation = YES;
				INFOPLIST_KEY_UISupportedInterfaceOrientations_iPad = "UIInterfaceOrientationPortrait UIInterfaceOrientationPortraitUpsideDown UIInterfaceOrientationLandscapeLeft UIInterfaceOrientationLandscapeRight";
				INFOPLIST_KEY_UISupportedInterfaceOrientations_iPhone = "UIInterfaceOrientationPortrait UIInterfaceOrientationLandscapeLeft UIInterfaceOrientationLandscapeRight";
				LD_RUNPATH_SEARCH_PATHS = (
					"$(inherited)",
					"@executable_path/Frameworks",
				);
				MARKETING_VERSION = 1.0;
				PRODUCT_BUNDLE_IDENTIFIER = "vn.edu.rmit.Treasure-Race";
				PRODUCT_NAME = "$(TARGET_NAME)";
				SWIFT_EMIT_LOC_STRINGS = YES;
				SWIFT_VERSION = 5.0;
				TARGETED_DEVICE_FAMILY = "1,2";
			};
			name = Debug;
		};
		AE9FAE5E2A9873C300B0CCA2 /* Release */ = {
			isa = XCBuildConfiguration;
			buildSettings = {
				ASSETCATALOG_COMPILER_APPICON_NAME = AppIcon;
				ASSETCATALOG_COMPILER_GLOBAL_ACCENT_COLOR_NAME = AccentColor;
				CODE_SIGN_STYLE = Automatic;
				CURRENT_PROJECT_VERSION = 1;
				DEVELOPMENT_ASSET_PATHS = "\"Treasure Race/Preview Content\"";
				ENABLE_PREVIEWS = YES;
				GENERATE_INFOPLIST_FILE = YES;
				INFOPLIST_FILE = "Treasure-Race-Info.plist";
				INFOPLIST_KEY_UIApplicationSceneManifest_Generation = YES;
				INFOPLIST_KEY_UIApplicationSupportsIndirectInputEvents = YES;
				INFOPLIST_KEY_UILaunchScreen_Generation = YES;
				INFOPLIST_KEY_UISupportedInterfaceOrientations_iPad = "UIInterfaceOrientationPortrait UIInterfaceOrientationPortraitUpsideDown UIInterfaceOrientationLandscapeLeft UIInterfaceOrientationLandscapeRight";
				INFOPLIST_KEY_UISupportedInterfaceOrientations_iPhone = "UIInterfaceOrientationPortrait UIInterfaceOrientationLandscapeLeft UIInterfaceOrientationLandscapeRight";
				LD_RUNPATH_SEARCH_PATHS = (
					"$(inherited)",
					"@executable_path/Frameworks",
				);
				MARKETING_VERSION = 1.0;
				PRODUCT_BUNDLE_IDENTIFIER = "vn.edu.rmit.Treasure-Race";
				PRODUCT_NAME = "$(TARGET_NAME)";
				SWIFT_EMIT_LOC_STRINGS = YES;
				SWIFT_VERSION = 5.0;
				TARGETED_DEVICE_FAMILY = "1,2";
			};
			name = Release;
		};
/* End XCBuildConfiguration section */

/* Begin XCConfigurationList section */
		AE9FAE492A9873C100B0CCA2 /* Build configuration list for PBXProject "Treasure Race" */ = {
			isa = XCConfigurationList;
			buildConfigurations = (
				AE9FAE5A2A9873C300B0CCA2 /* Debug */,
				AE9FAE5B2A9873C300B0CCA2 /* Release */,
			);
			defaultConfigurationIsVisible = 0;
			defaultConfigurationName = Release;
		};
		AE9FAE5C2A9873C300B0CCA2 /* Build configuration list for PBXNativeTarget "Treasure Race" */ = {
			isa = XCConfigurationList;
			buildConfigurations = (
				AE9FAE5D2A9873C300B0CCA2 /* Debug */,
				AE9FAE5E2A9873C300B0CCA2 /* Release */,
			);
			defaultConfigurationIsVisible = 0;
			defaultConfigurationName = Release;
		};
/* End XCConfigurationList section */
	};
	rootObject = AE9FAE462A9873C100B0CCA2 /* Project object */;
}
